
Microsoft Visual Studio Solution File, Format Version 12.00
# Visual Studio Version 16
VisualStudioVersion = 16.0.29006.145
MinimumVisualStudioVersion = 10.0.40219.1
Project("{2150E333-8FDC-42A3-9474-1A3956D46DE8}") = "Modules", "Modules", "{BB054E83-D201-407E-9585-828BF07275BE}"
EndProject
Project("{2150E333-8FDC-42A3-9474-1A3956D46DE8}") = "Libraries", "Libraries", "{B8F2E2BC-C130-4D78-9425-58500EE1504F}"
EndProject
Project("{2150E333-8FDC-42A3-9474-1A3956D46DE8}") = "System", "System", "{7AFC6670-6DF3-4E92-B1E0-DF1477794107}"
EndProject
Project("{2150E333-8FDC-42A3-9474-1A3956D46DE8}") = "Cost", "Cost", "{61F01FF9-3ED0-4628-BC88-A59606378F9C}"
EndProject
Project("{2150E333-8FDC-42A3-9474-1A3956D46DE8}") = "Product", "Product", "{59656E49-A4C5-46E7-A415-46598453C3C5}"
EndProject
Project("{2150E333-8FDC-42A3-9474-1A3956D46DE8}") = "Purchase", "Purchase", "{0E440350-B824-4E51-BB1E-8E8ED1E0726F}"
EndProject
Project("{2150E333-8FDC-42A3-9474-1A3956D46DE8}") = "Quality", "Quality", "{CB708AD5-0F96-4C46-A180-AF61B042C827}"
EndProject
Project("{2150E333-8FDC-42A3-9474-1A3956D46DE8}") = "Report", "Report", "{46535D77-3B54-4D34-B7B2-8ADE86F5F5B9}"
EndProject
Project("{2150E333-8FDC-42A3-9474-1A3956D46DE8}") = "Sale", "Sale", "{D6110A43-01C3-40AC-9AA2-345F2A4914F3}"
EndProject
Project("{2150E333-8FDC-42A3-9474-1A3956D46DE8}") = "Schedule", "Schedule", "{A45D179E-7F40-4169-9183-6FC9D39D98D3}"
EndProject
Project("{2150E333-8FDC-42A3-9474-1A3956D46DE8}") = "Stock", "Stock", "{52C1178A-EF66-4D89-A654-C3DFFA145436}"
EndProject
Project("{2150E333-8FDC-42A3-9474-1A3956D46DE8}") = "Theme", "Theme", "{8A93811D-7E37-4E4A-A1FB-560751DA0502}"
EndProject
Project("{2150E333-8FDC-42A3-9474-1A3956D46DE8}") = "WsServer", "WsServer", "{6F91391C-1FEF-4D7E-A62E-DEBD724CB9A0}"
EndProject
Project("{9A19103F-16F7-4668-BE54-9A1E7A4F7556}") = "Emes.Core.ec", "..\src\Libraries\Emes.Core\Emes.Core.ec.csproj", "{E0F7378F-C1DD-4F10-8899-ADCCDD454FF2}"
EndProject
Project("{2150E333-8FDC-42A3-9474-1A3956D46DE8}") = "Gateway", "Gateway", "{B6B267C9-F267-4914-965F-C2F18649833D}"
EndProject
Project("{2150E333-8FDC-42A3-9474-1A3956D46DE8}") = "Hosts", "Hosts", "{D7059B0F-7155-4C81-91C1-F4DF16999227}"
EndProject
Project("{9A19103F-16F7-4668-BE54-9A1E7A4F7556}") = "Emes.Erp.Host.ec", "..\src\Hosts\Emes.Erp.Host\Emes.Erp.Host.ec.csproj", "{36893D01-8B80-4B63-86B0-BFC69152A803}"
EndProject
Project("{9A19103F-16F7-4668-BE54-9A1E7A4F7556}") = "Emes.Common.Theme", "..\src\Modules\Theme\Emes.Common.Theme\Emes.Common.Theme.csproj", "{9169991B-EF6C-42F6-9DC6-31A286E13706}"
EndProject
Project("{9A19103F-16F7-4668-BE54-9A1E7A4F7556}") = "Emes.Common.ITheme", "..\src\Modules\Theme\Emes.Common.ITheme\Emes.Common.ITheme.csproj", "{5A45A19C-DDF7-4EBA-B431-9A936902EA11}"
EndProject
Project("{9A19103F-16F7-4668-BE54-9A1E7A4F7556}") = "Emes.Erp.System.ec", "..\src\Modules\System\Emes.Erp.System\Emes.Erp.System.ec.csproj", "{5DA9EC8F-D5AA-4F5A-9180-A943BE311722}"
EndProject
Project("{9A19103F-16F7-4668-BE54-9A1E7A4F7556}") = "Emes.Erp.ISystem.ec", "..\src\Modules\System\Emes.Erp.ISystem\Emes.Erp.ISystem.ec.csproj", "{815ACFEC-8402-4400-9265-9642A9C671FA}"
EndProject
Project("{9A19103F-16F7-4668-BE54-9A1E7A4F7556}") = "Emes.Gateway.ec", "..\src\Gateway\Emes.Gateway\Emes.Gateway.ec.csproj", "{E5066E3D-5518-40D9-A37F-BEF9923CD793}"
EndProject
Project("{9A19103F-16F7-4668-BE54-9A1E7A4F7556}") = "Emes.CodeGen", "..\src\Libraries\Emes.CodeGen\Emes.CodeGen.csproj", "{21E01CF5-FD08-4751-9F8B-BA4252CD50C6}"
EndProject
Project("{2150E333-8FDC-42A3-9474-1A3956D46DE8}") = "ecore", "ecore", "{F523E3E5-73AF-474D-A626-B1AA4773F5FF}"
EndProject
Project("{9A19103F-16F7-4668-BE54-9A1E7A4F7556}") = "DotNetty.Codecs.DNS", "..\ecore\src\DotNetty.Codecs\DotNetty.Codecs.DNS\DotNetty.Codecs.DNS.csproj", "{1F640F9F-BFA5-4A30-A972-9B2DE3BD4C30}"
EndProject
Project("{9A19103F-16F7-4668-BE54-9A1E7A4F7556}") = "Surging.Core.Abp", "..\ecore\src\Surging.Core\Surging.Core.Abp\Surging.Core.Abp.csproj", "{66D57B0B-0732-445D-924F-009AB1A18A25}"
EndProject
Project("{9A19103F-16F7-4668-BE54-9A1E7A4F7556}") = "Surging.Core.ApiGateWay", "..\ecore\src\Surging.Core\Surging.Core.ApiGateWay\Surging.Core.ApiGateWay.csproj", "{EEC9460F-2F79-48A5-921C-3C627276BBA5}"
EndProject
Project("{9A19103F-16F7-4668-BE54-9A1E7A4F7556}") = "Surging.Core.AutoMapper", "..\ecore\src\Surging.Core\Surging.Core.AutoMapper\Surging.Core.AutoMapper.csproj", "{C7C3B489-0E4E-4A73-8D65-7257F0F8F850}"
EndProject
Project("{9A19103F-16F7-4668-BE54-9A1E7A4F7556}") = "Surging.Core.Caching", "..\ecore\src\Surging.Core\Surging.Core.Caching\Surging.Core.Caching.csproj", "{D6C8ABB3-B89E-483F-A40B-099DC8443813}"
EndProject
Project("{9A19103F-16F7-4668-BE54-9A1E7A4F7556}") = "Surging.Core.Codec.MessagePack", "..\ecore\src\Surging.Core\Surging.Core.Codec.MessagePack\Surging.Core.Codec.MessagePack.csproj", "{7A6DE68D-5E84-4483-BF9A-2C15A7439F31}"
EndProject
Project("{9A19103F-16F7-4668-BE54-9A1E7A4F7556}") = "Surging.Core.Codec.ProtoBuffer", "..\ecore\src\Surging.Core\Surging.Core.Codec.ProtoBuffer\Surging.Core.Codec.ProtoBuffer.csproj", "{D9B6D316-9A21-4DC1-8DF8-72BB3C97BFDB}"
EndProject
Project("{9A19103F-16F7-4668-BE54-9A1E7A4F7556}") = "Surging.Core.Common", "..\ecore\src\Surging.Core\Surging.Core.Common\Surging.Core.Common.csproj", "{A6323BDA-4268-46FA-9FA0-3BF8B0091495}"
EndProject
Project("{9A19103F-16F7-4668-BE54-9A1E7A4F7556}") = "Surging.Core.Consul", "..\ecore\src\Surging.Core\Surging.Core.Consul\Surging.Core.Consul.csproj", "{64EDEFA5-750E-4871-8895-B0E6AD265656}"
EndProject
Project("{9A19103F-16F7-4668-BE54-9A1E7A4F7556}") = "Surging.Core.CPlatform", "..\ecore\src\Surging.Core\Surging.Core.CPlatform\Surging.Core.CPlatform.csproj", "{7152B3FC-05B4-4918-9727-5A907F1A736A}"
EndProject
Project("{9A19103F-16F7-4668-BE54-9A1E7A4F7556}") = "Surging.Core.DNS", "..\ecore\src\Surging.Core\Surging.Core.DNS\Surging.Core.DNS.csproj", "{14335D2D-C383-4C53-886F-70BAC4AC027E}"
EndProject
Project("{9A19103F-16F7-4668-BE54-9A1E7A4F7556}") = "Surging.Core.DotNetty", "..\ecore\src\Surging.Core\Surging.Core.DotNetty\Surging.Core.DotNetty.csproj", "{009116F9-F712-482C-B33E-F9CB8047A625}"
EndProject
Project("{9A19103F-16F7-4668-BE54-9A1E7A4F7556}") = "Surging.Core.EventBusKafka", "..\ecore\src\Surging.Core\Surging.Core.EventBusKafka\Surging.Core.EventBusKafka.csproj", "{5ABDB114-ACB3-4250-9E75-0759BAE77D08}"
EndProject
Project("{9A19103F-16F7-4668-BE54-9A1E7A4F7556}") = "Surging.Core.EventBusRabbitMQ", "..\ecore\src\Surging.Core\Surging.Core.EventBusRabbitMQ\Surging.Core.EventBusRabbitMQ.csproj", "{B667CB59-FBB8-4B7D-B2BC-502CE41350EC}"
EndProject
Project("{9A19103F-16F7-4668-BE54-9A1E7A4F7556}") = "Surging.Core.KestrelHttpServer", "..\ecore\src\Surging.Core\Surging.Core.KestrelHttpServer\Surging.Core.KestrelHttpServer.csproj", "{89344B25-438C-42BD-B8DD-4CD7AFD78273}"
EndProject
Project("{9A19103F-16F7-4668-BE54-9A1E7A4F7556}") = "Surging.Core.Log4net", "..\ecore\src\Surging.Core\Surging.Core.Log4net\Surging.Core.Log4net.csproj", "{E3C7C190-098A-4998-AE48-D2EBD2A7CC6D}"
EndProject
Project("{9A19103F-16F7-4668-BE54-9A1E7A4F7556}") = "Surging.Core.Nlog", "..\ecore\src\Surging.Core\Surging.Core.NLog\Surging.Core.Nlog.csproj", "{CEDA8181-D23B-43C2-928A-E63B3E7966BC}"
EndProject
Project("{9A19103F-16F7-4668-BE54-9A1E7A4F7556}") = "Surging.Core.Protocol.Http", "..\ecore\src\Surging.Core\Surging.Core.Protocol.Http\Surging.Core.Protocol.Http.csproj", "{BB25339F-188B-4E5E-96C6-00DA4B96B31F}"
EndProject
Project("{9A19103F-16F7-4668-BE54-9A1E7A4F7556}") = "Surging.Core.Protocol.Mqtt", "..\ecore\src\Surging.Core\Surging.Core.Protocol.Mqtt\Surging.Core.Protocol.Mqtt.csproj", "{DD34AF80-7101-4E58-970A-E1292FDC489F}"
EndProject
Project("{9A19103F-16F7-4668-BE54-9A1E7A4F7556}") = "Surging.Core.Protocol.WS", "..\ecore\src\Surging.Core\Surging.Core.Protocol.WS\Surging.Core.Protocol.WS.csproj", "{AA7EBF5A-492C-4E60-8AF7-CE4E5AF85170}"
EndProject
Project("{9A19103F-16F7-4668-BE54-9A1E7A4F7556}") = "Surging.Core.ProxyGenerator", "..\ecore\src\Surging.Core\Surging.Core.ProxyGenerator\Surging.Core.ProxyGenerator.csproj", "{2CAD41F7-7E2D-49F3-A4AF-57FE73FC763A}"
EndProject
Project("{9A19103F-16F7-4668-BE54-9A1E7A4F7556}") = "Surging.Core.ServiceHosting", "..\ecore\src\Surging.Core\Surging.Core.ServiceHosting\Surging.Core.ServiceHosting.csproj", "{F8DF9D26-853A-4B8E-84C1-2416CD4ED6C6}"
EndProject
Project("{9A19103F-16F7-4668-BE54-9A1E7A4F7556}") = "Surging.Core.Spa", "..\ecore\src\Surging.Core\Surging.Core.Spa\Surging.Core.Spa.csproj", "{71DC4E56-17B1-4FB7-BFDB-C19410D0F563}"
EndProject
Project("{9A19103F-16F7-4668-BE54-9A1E7A4F7556}") = "Surging.Core.Stage", "..\ecore\src\Surging.Core\Surging.Core.Stage\Surging.Core.Stage.csproj", "{3483AD8E-8800-4F4D-8FE9-06F494FC7B15}"
EndProject
Project("{9A19103F-16F7-4668-BE54-9A1E7A4F7556}") = "Surging.Core.Swagger", "..\ecore\src\Surging.Core\Surging.Core.Swagger\Surging.Core.Swagger.csproj", "{218FEAE2-EF2B-46B0-ADD1-1617CFA337CF}"
EndProject
Project("{9A19103F-16F7-4668-BE54-9A1E7A4F7556}") = "Surging.Core.System", "..\ecore\src\Surging.Core\Surging.Core.System\Surging.Core.System.csproj", "{7895F400-F149-4112-B6D0-F7C97AEFEBCD}"
EndProject
Project("{9A19103F-16F7-4668-BE54-9A1E7A4F7556}") = "Surging.Core.Zookeeper", "..\ecore\src\Surging.Core\Surging.Core.Zookeeper\Surging.Core.Zookeeper.csproj", "{86321CC0-6BDB-4A66-B1A0-C9781C9A207D}"
EndProject
Project("{9A19103F-16F7-4668-BE54-9A1E7A4F7556}") = "WebSocketCore", "..\ecore\src\WebSocket\WebSocketCore\WebSocketCore.csproj", "{86A1180C-D241-496D-A72E-27D58629BCA3}"
EndProject
Project("{9A19103F-16F7-4668-BE54-9A1E7A4F7556}") = "SkyApm.Transport.Grpc.Protocol", "..\ecore\src\Surging.Apm\SkyApm.Transport.Grpc.Protocol\SkyApm.Transport.Grpc.Protocol.csproj", "{D5FD5CDF-3650-46F7-9AD4-0A3C55BDE90D}"
EndProject
Project("{9A19103F-16F7-4668-BE54-9A1E7A4F7556}") = "Surging.Apm.Skywalking", "..\ecore\src\Surging.Apm\Surging.Apm.Skywalking\Surging.Apm.Skywalking.csproj", "{2A9978D7-928B-4A37-B686-3B99E37C4AEB}"
EndProject
Global
	GlobalSection(SolutionConfigurationPlatforms) = preSolution
		Debug|Any CPU = Debug|Any CPU
		Debug|x86 = Debug|x86
		Release|Any CPU = Release|Any CPU
		Release|x86 = Release|x86
	EndGlobalSection
	GlobalSection(ProjectConfigurationPlatforms) = postSolution
		{E0F7378F-C1DD-4F10-8899-ADCCDD454FF2}.Debug|Any CPU.ActiveCfg = Debug|Any CPU
		{E0F7378F-C1DD-4F10-8899-ADCCDD454FF2}.Debug|Any CPU.Build.0 = Debug|Any CPU
		{E0F7378F-C1DD-4F10-8899-ADCCDD454FF2}.Debug|x86.ActiveCfg = Debug|Any CPU
		{E0F7378F-C1DD-4F10-8899-ADCCDD454FF2}.Debug|x86.Build.0 = Debug|Any CPU
		{E0F7378F-C1DD-4F10-8899-ADCCDD454FF2}.Release|Any CPU.ActiveCfg = Release|Any CPU
		{E0F7378F-C1DD-4F10-8899-ADCCDD454FF2}.Release|Any CPU.Build.0 = Release|Any CPU
		{E0F7378F-C1DD-4F10-8899-ADCCDD454FF2}.Release|x86.ActiveCfg = Release|Any CPU
		{E0F7378F-C1DD-4F10-8899-ADCCDD454FF2}.Release|x86.Build.0 = Release|Any CPU
		{36893D01-8B80-4B63-86B0-BFC69152A803}.Debug|Any CPU.ActiveCfg = Debug|Any CPU
		{36893D01-8B80-4B63-86B0-BFC69152A803}.Debug|Any CPU.Build.0 = Debug|Any CPU
		{36893D01-8B80-4B63-86B0-BFC69152A803}.Debug|x86.ActiveCfg = Debug|Any CPU
		{36893D01-8B80-4B63-86B0-BFC69152A803}.Debug|x86.Build.0 = Debug|Any CPU
		{36893D01-8B80-4B63-86B0-BFC69152A803}.Release|Any CPU.ActiveCfg = Release|Any CPU
		{36893D01-8B80-4B63-86B0-BFC69152A803}.Release|Any CPU.Build.0 = Release|Any CPU
		{36893D01-8B80-4B63-86B0-BFC69152A803}.Release|x86.ActiveCfg = Release|Any CPU
		{36893D01-8B80-4B63-86B0-BFC69152A803}.Release|x86.Build.0 = Release|Any CPU
		{9169991B-EF6C-42F6-9DC6-31A286E13706}.Debug|Any CPU.ActiveCfg = Debug|Any CPU
		{9169991B-EF6C-42F6-9DC6-31A286E13706}.Debug|Any CPU.Build.0 = Debug|Any CPU
		{9169991B-EF6C-42F6-9DC6-31A286E13706}.Debug|x86.ActiveCfg = Debug|Any CPU
		{9169991B-EF6C-42F6-9DC6-31A286E13706}.Debug|x86.Build.0 = Debug|Any CPU
		{9169991B-EF6C-42F6-9DC6-31A286E13706}.Release|Any CPU.ActiveCfg = Release|Any CPU
		{9169991B-EF6C-42F6-9DC6-31A286E13706}.Release|Any CPU.Build.0 = Release|Any CPU
		{9169991B-EF6C-42F6-9DC6-31A286E13706}.Release|x86.ActiveCfg = Release|Any CPU
		{9169991B-EF6C-42F6-9DC6-31A286E13706}.Release|x86.Build.0 = Release|Any CPU
		{5A45A19C-DDF7-4EBA-B431-9A936902EA11}.Debug|Any CPU.ActiveCfg = Debug|Any CPU
		{5A45A19C-DDF7-4EBA-B431-9A936902EA11}.Debug|Any CPU.Build.0 = Debug|Any CPU
		{5A45A19C-DDF7-4EBA-B431-9A936902EA11}.Debug|x86.ActiveCfg = Debug|Any CPU
		{5A45A19C-DDF7-4EBA-B431-9A936902EA11}.Debug|x86.Build.0 = Debug|Any CPU
		{5A45A19C-DDF7-4EBA-B431-9A936902EA11}.Release|Any CPU.ActiveCfg = Release|Any CPU
		{5A45A19C-DDF7-4EBA-B431-9A936902EA11}.Release|Any CPU.Build.0 = Release|Any CPU
		{5A45A19C-DDF7-4EBA-B431-9A936902EA11}.Release|x86.ActiveCfg = Release|Any CPU
		{5A45A19C-DDF7-4EBA-B431-9A936902EA11}.Release|x86.Build.0 = Release|Any CPU
		{5DA9EC8F-D5AA-4F5A-9180-A943BE311722}.Debug|Any CPU.ActiveCfg = Debug|Any CPU
		{5DA9EC8F-D5AA-4F5A-9180-A943BE311722}.Debug|Any CPU.Build.0 = Debug|Any CPU
		{5DA9EC8F-D5AA-4F5A-9180-A943BE311722}.Debug|x86.ActiveCfg = Debug|Any CPU
		{5DA9EC8F-D5AA-4F5A-9180-A943BE311722}.Debug|x86.Build.0 = Debug|Any CPU
		{5DA9EC8F-D5AA-4F5A-9180-A943BE311722}.Release|Any CPU.ActiveCfg = Release|Any CPU
		{5DA9EC8F-D5AA-4F5A-9180-A943BE311722}.Release|Any CPU.Build.0 = Release|Any CPU
		{5DA9EC8F-D5AA-4F5A-9180-A943BE311722}.Release|x86.ActiveCfg = Release|Any CPU
		{5DA9EC8F-D5AA-4F5A-9180-A943BE311722}.Release|x86.Build.0 = Release|Any CPU
		{815ACFEC-8402-4400-9265-9642A9C671FA}.Debug|Any CPU.ActiveCfg = Debug|Any CPU
		{815ACFEC-8402-4400-9265-9642A9C671FA}.Debug|Any CPU.Build.0 = Debug|Any CPU
		{815ACFEC-8402-4400-9265-9642A9C671FA}.Debug|x86.ActiveCfg = Debug|Any CPU
		{815ACFEC-8402-4400-9265-9642A9C671FA}.Debug|x86.Build.0 = Debug|Any CPU
		{815ACFEC-8402-4400-9265-9642A9C671FA}.Release|Any CPU.ActiveCfg = Release|Any CPU
		{815ACFEC-8402-4400-9265-9642A9C671FA}.Release|Any CPU.Build.0 = Release|Any CPU
		{815ACFEC-8402-4400-9265-9642A9C671FA}.Release|x86.ActiveCfg = Release|Any CPU
		{815ACFEC-8402-4400-9265-9642A9C671FA}.Release|x86.Build.0 = Release|Any CPU
		{E5066E3D-5518-40D9-A37F-BEF9923CD793}.Debug|Any CPU.ActiveCfg = Debug|Any CPU
		{E5066E3D-5518-40D9-A37F-BEF9923CD793}.Debug|Any CPU.Build.0 = Debug|Any CPU
		{E5066E3D-5518-40D9-A37F-BEF9923CD793}.Debug|x86.ActiveCfg = Debug|Any CPU
		{E5066E3D-5518-40D9-A37F-BEF9923CD793}.Debug|x86.Build.0 = Debug|Any CPU
		{E5066E3D-5518-40D9-A37F-BEF9923CD793}.Release|Any CPU.ActiveCfg = Release|Any CPU
		{E5066E3D-5518-40D9-A37F-BEF9923CD793}.Release|Any CPU.Build.0 = Release|Any CPU
		{E5066E3D-5518-40D9-A37F-BEF9923CD793}.Release|x86.ActiveCfg = Release|Any CPU
		{E5066E3D-5518-40D9-A37F-BEF9923CD793}.Release|x86.Build.0 = Release|Any CPU
		{21E01CF5-FD08-4751-9F8B-BA4252CD50C6}.Debug|Any CPU.ActiveCfg = Debug|Any CPU
		{21E01CF5-FD08-4751-9F8B-BA4252CD50C6}.Debug|Any CPU.Build.0 = Debug|Any CPU
		{21E01CF5-FD08-4751-9F8B-BA4252CD50C6}.Debug|x86.ActiveCfg = Debug|x86
		{21E01CF5-FD08-4751-9F8B-BA4252CD50C6}.Debug|x86.Build.0 = Debug|x86
		{21E01CF5-FD08-4751-9F8B-BA4252CD50C6}.Release|Any CPU.ActiveCfg = Release|Any CPU
		{21E01CF5-FD08-4751-9F8B-BA4252CD50C6}.Release|Any CPU.Build.0 = Release|Any CPU
		{21E01CF5-FD08-4751-9F8B-BA4252CD50C6}.Release|x86.ActiveCfg = Release|x86
		{21E01CF5-FD08-4751-9F8B-BA4252CD50C6}.Release|x86.Build.0 = Release|x86
		{1F640F9F-BFA5-4A30-A972-9B2DE3BD4C30}.Debug|Any CPU.ActiveCfg = Debug|Any CPU
		{1F640F9F-BFA5-4A30-A972-9B2DE3BD4C30}.Debug|Any CPU.Build.0 = Debug|Any CPU
		{1F640F9F-BFA5-4A30-A972-9B2DE3BD4C30}.Debug|x86.ActiveCfg = Debug|Any CPU
		{1F640F9F-BFA5-4A30-A972-9B2DE3BD4C30}.Debug|x86.Build.0 = Debug|Any CPU
		{1F640F9F-BFA5-4A30-A972-9B2DE3BD4C30}.Release|Any CPU.ActiveCfg = Release|Any CPU
		{1F640F9F-BFA5-4A30-A972-9B2DE3BD4C30}.Release|Any CPU.Build.0 = Release|Any CPU
		{1F640F9F-BFA5-4A30-A972-9B2DE3BD4C30}.Release|x86.ActiveCfg = Release|Any CPU
		{1F640F9F-BFA5-4A30-A972-9B2DE3BD4C30}.Release|x86.Build.0 = Release|Any CPU
		{66D57B0B-0732-445D-924F-009AB1A18A25}.Debug|Any CPU.ActiveCfg = Debug|Any CPU
		{66D57B0B-0732-445D-924F-009AB1A18A25}.Debug|Any CPU.Build.0 = Debug|Any CPU
		{66D57B0B-0732-445D-924F-009AB1A18A25}.Debug|x86.ActiveCfg = Debug|Any CPU
		{66D57B0B-0732-445D-924F-009AB1A18A25}.Debug|x86.Build.0 = Debug|Any CPU
		{66D57B0B-0732-445D-924F-009AB1A18A25}.Release|Any CPU.ActiveCfg = Release|Any CPU
		{66D57B0B-0732-445D-924F-009AB1A18A25}.Release|Any CPU.Build.0 = Release|Any CPU
		{66D57B0B-0732-445D-924F-009AB1A18A25}.Release|x86.ActiveCfg = Release|Any CPU
		{66D57B0B-0732-445D-924F-009AB1A18A25}.Release|x86.Build.0 = Release|Any CPU
		{EEC9460F-2F79-48A5-921C-3C627276BBA5}.Debug|Any CPU.ActiveCfg = Debug|Any CPU
		{EEC9460F-2F79-48A5-921C-3C627276BBA5}.Debug|Any CPU.Build.0 = Debug|Any CPU
		{EEC9460F-2F79-48A5-921C-3C627276BBA5}.Debug|x86.ActiveCfg = Debug|Any CPU
		{EEC9460F-2F79-48A5-921C-3C627276BBA5}.Debug|x86.Build.0 = Debug|Any CPU
		{EEC9460F-2F79-48A5-921C-3C627276BBA5}.Release|Any CPU.ActiveCfg = Release|Any CPU
		{EEC9460F-2F79-48A5-921C-3C627276BBA5}.Release|Any CPU.Build.0 = Release|Any CPU
		{EEC9460F-2F79-48A5-921C-3C627276BBA5}.Release|x86.ActiveCfg = Release|Any CPU
		{EEC9460F-2F79-48A5-921C-3C627276BBA5}.Release|x86.Build.0 = Release|Any CPU
		{C7C3B489-0E4E-4A73-8D65-7257F0F8F850}.Debug|Any CPU.ActiveCfg = Debug|Any CPU
		{C7C3B489-0E4E-4A73-8D65-7257F0F8F850}.Debug|Any CPU.Build.0 = Debug|Any CPU
		{C7C3B489-0E4E-4A73-8D65-7257F0F8F850}.Debug|x86.ActiveCfg = Debug|Any CPU
		{C7C3B489-0E4E-4A73-8D65-7257F0F8F850}.Debug|x86.Build.0 = Debug|Any CPU
		{C7C3B489-0E4E-4A73-8D65-7257F0F8F850}.Release|Any CPU.ActiveCfg = Release|Any CPU
		{C7C3B489-0E4E-4A73-8D65-7257F0F8F850}.Release|Any CPU.Build.0 = Release|Any CPU
		{C7C3B489-0E4E-4A73-8D65-7257F0F8F850}.Release|x86.ActiveCfg = Release|Any CPU
		{C7C3B489-0E4E-4A73-8D65-7257F0F8F850}.Release|x86.Build.0 = Release|Any CPU
		{D6C8ABB3-B89E-483F-A40B-099DC8443813}.Debug|Any CPU.ActiveCfg = Debug|Any CPU
		{D6C8ABB3-B89E-483F-A40B-099DC8443813}.Debug|Any CPU.Build.0 = Debug|Any CPU
		{D6C8ABB3-B89E-483F-A40B-099DC8443813}.Debug|x86.ActiveCfg = Debug|Any CPU
		{D6C8ABB3-B89E-483F-A40B-099DC8443813}.Debug|x86.Build.0 = Debug|Any CPU
		{D6C8ABB3-B89E-483F-A40B-099DC8443813}.Release|Any CPU.ActiveCfg = Release|Any CPU
		{D6C8ABB3-B89E-483F-A40B-099DC8443813}.Release|Any CPU.Build.0 = Release|Any CPU
		{D6C8ABB3-B89E-483F-A40B-099DC8443813}.Release|x86.ActiveCfg = Release|Any CPU
		{D6C8ABB3-B89E-483F-A40B-099DC8443813}.Release|x86.Build.0 = Release|Any CPU
		{7A6DE68D-5E84-4483-BF9A-2C15A7439F31}.Debug|Any CPU.ActiveCfg = Debug|Any CPU
		{7A6DE68D-5E84-4483-BF9A-2C15A7439F31}.Debug|Any CPU.Build.0 = Debug|Any CPU
		{7A6DE68D-5E84-4483-BF9A-2C15A7439F31}.Debug|x86.ActiveCfg = Debug|Any CPU
		{7A6DE68D-5E84-4483-BF9A-2C15A7439F31}.Debug|x86.Build.0 = Debug|Any CPU
		{7A6DE68D-5E84-4483-BF9A-2C15A7439F31}.Release|Any CPU.ActiveCfg = Release|Any CPU
		{7A6DE68D-5E84-4483-BF9A-2C15A7439F31}.Release|Any CPU.Build.0 = Release|Any CPU
		{7A6DE68D-5E84-4483-BF9A-2C15A7439F31}.Release|x86.ActiveCfg = Release|Any CPU
		{7A6DE68D-5E84-4483-BF9A-2C15A7439F31}.Release|x86.Build.0 = Release|Any CPU
		{D9B6D316-9A21-4DC1-8DF8-72BB3C97BFDB}.Debug|Any CPU.ActiveCfg = Debug|Any CPU
		{D9B6D316-9A21-4DC1-8DF8-72BB3C97BFDB}.Debug|Any CPU.Build.0 = Debug|Any CPU
		{D9B6D316-9A21-4DC1-8DF8-72BB3C97BFDB}.Debug|x86.ActiveCfg = Debug|Any CPU
		{D9B6D316-9A21-4DC1-8DF8-72BB3C97BFDB}.Debug|x86.Build.0 = Debug|Any CPU
		{D9B6D316-9A21-4DC1-8DF8-72BB3C97BFDB}.Release|Any CPU.ActiveCfg = Release|Any CPU
		{D9B6D316-9A21-4DC1-8DF8-72BB3C97BFDB}.Release|Any CPU.Build.0 = Release|Any CPU
		{D9B6D316-9A21-4DC1-8DF8-72BB3C97BFDB}.Release|x86.ActiveCfg = Release|Any CPU
		{D9B6D316-9A21-4DC1-8DF8-72BB3C97BFDB}.Release|x86.Build.0 = Release|Any CPU
		{A6323BDA-4268-46FA-9FA0-3BF8B0091495}.Debug|Any CPU.ActiveCfg = Debug|Any CPU
		{A6323BDA-4268-46FA-9FA0-3BF8B0091495}.Debug|Any CPU.Build.0 = Debug|Any CPU
		{A6323BDA-4268-46FA-9FA0-3BF8B0091495}.Debug|x86.ActiveCfg = Debug|Any CPU
		{A6323BDA-4268-46FA-9FA0-3BF8B0091495}.Debug|x86.Build.0 = Debug|Any CPU
		{A6323BDA-4268-46FA-9FA0-3BF8B0091495}.Release|Any CPU.ActiveCfg = Release|Any CPU
		{A6323BDA-4268-46FA-9FA0-3BF8B0091495}.Release|Any CPU.Build.0 = Release|Any CPU
		{A6323BDA-4268-46FA-9FA0-3BF8B0091495}.Release|x86.ActiveCfg = Release|Any CPU
		{A6323BDA-4268-46FA-9FA0-3BF8B0091495}.Release|x86.Build.0 = Release|Any CPU
		{64EDEFA5-750E-4871-8895-B0E6AD265656}.Debug|Any CPU.ActiveCfg = Debug|Any CPU
		{64EDEFA5-750E-4871-8895-B0E6AD265656}.Debug|Any CPU.Build.0 = Debug|Any CPU
		{64EDEFA5-750E-4871-8895-B0E6AD265656}.Debug|x86.ActiveCfg = Debug|Any CPU
		{64EDEFA5-750E-4871-8895-B0E6AD265656}.Debug|x86.Build.0 = Debug|Any CPU
		{64EDEFA5-750E-4871-8895-B0E6AD265656}.Release|Any CPU.ActiveCfg = Release|Any CPU
		{64EDEFA5-750E-4871-8895-B0E6AD265656}.Release|Any CPU.Build.0 = Release|Any CPU
		{64EDEFA5-750E-4871-8895-B0E6AD265656}.Release|x86.ActiveCfg = Release|Any CPU
		{64EDEFA5-750E-4871-8895-B0E6AD265656}.Release|x86.Build.0 = Release|Any CPU
		{7152B3FC-05B4-4918-9727-5A907F1A736A}.Debug|Any CPU.ActiveCfg = Debug|Any CPU
		{7152B3FC-05B4-4918-9727-5A907F1A736A}.Debug|Any CPU.Build.0 = Debug|Any CPU
		{7152B3FC-05B4-4918-9727-5A907F1A736A}.Debug|x86.ActiveCfg = Debug|Any CPU
		{7152B3FC-05B4-4918-9727-5A907F1A736A}.Debug|x86.Build.0 = Debug|Any CPU
		{7152B3FC-05B4-4918-9727-5A907F1A736A}.Release|Any CPU.ActiveCfg = Release|Any CPU
		{7152B3FC-05B4-4918-9727-5A907F1A736A}.Release|Any CPU.Build.0 = Release|Any CPU
		{7152B3FC-05B4-4918-9727-5A907F1A736A}.Release|x86.ActiveCfg = Release|Any CPU
		{7152B3FC-05B4-4918-9727-5A907F1A736A}.Release|x86.Build.0 = Release|Any CPU
		{14335D2D-C383-4C53-886F-70BAC4AC027E}.Debug|Any CPU.ActiveCfg = Debug|Any CPU
		{14335D2D-C383-4C53-886F-70BAC4AC027E}.Debug|Any CPU.Build.0 = Debug|Any CPU
		{14335D2D-C383-4C53-886F-70BAC4AC027E}.Debug|x86.ActiveCfg = Debug|Any CPU
		{14335D2D-C383-4C53-886F-70BAC4AC027E}.Debug|x86.Build.0 = Debug|Any CPU
		{14335D2D-C383-4C53-886F-70BAC4AC027E}.Release|Any CPU.ActiveCfg = Release|Any CPU
		{14335D2D-C383-4C53-886F-70BAC4AC027E}.Release|Any CPU.Build.0 = Release|Any CPU
		{14335D2D-C383-4C53-886F-70BAC4AC027E}.Release|x86.ActiveCfg = Release|Any CPU
		{14335D2D-C383-4C53-886F-70BAC4AC027E}.Release|x86.Build.0 = Release|Any CPU
		{009116F9-F712-482C-B33E-F9CB8047A625}.Debug|Any CPU.ActiveCfg = Debug|Any CPU
		{009116F9-F712-482C-B33E-F9CB8047A625}.Debug|Any CPU.Build.0 = Debug|Any CPU
		{009116F9-F712-482C-B33E-F9CB8047A625}.Debug|x86.ActiveCfg = Debug|Any CPU
		{009116F9-F712-482C-B33E-F9CB8047A625}.Debug|x86.Build.0 = Debug|Any CPU
		{009116F9-F712-482C-B33E-F9CB8047A625}.Release|Any CPU.ActiveCfg = Release|Any CPU
		{009116F9-F712-482C-B33E-F9CB8047A625}.Release|Any CPU.Build.0 = Release|Any CPU
		{009116F9-F712-482C-B33E-F9CB8047A625}.Release|x86.ActiveCfg = Release|Any CPU
		{009116F9-F712-482C-B33E-F9CB8047A625}.Release|x86.Build.0 = Release|Any CPU
		{5ABDB114-ACB3-4250-9E75-0759BAE77D08}.Debug|Any CPU.ActiveCfg = Debug|Any CPU
		{5ABDB114-ACB3-4250-9E75-0759BAE77D08}.Debug|Any CPU.Build.0 = Debug|Any CPU
		{5ABDB114-ACB3-4250-9E75-0759BAE77D08}.Debug|x86.ActiveCfg = Debug|Any CPU
		{5ABDB114-ACB3-4250-9E75-0759BAE77D08}.Debug|x86.Build.0 = Debug|Any CPU
		{5ABDB114-ACB3-4250-9E75-0759BAE77D08}.Release|Any CPU.ActiveCfg = Release|Any CPU
		{5ABDB114-ACB3-4250-9E75-0759BAE77D08}.Release|Any CPU.Build.0 = Release|Any CPU
		{5ABDB114-ACB3-4250-9E75-0759BAE77D08}.Release|x86.ActiveCfg = Release|Any CPU
		{5ABDB114-ACB3-4250-9E75-0759BAE77D08}.Release|x86.Build.0 = Release|Any CPU
		{B667CB59-FBB8-4B7D-B2BC-502CE41350EC}.Debug|Any CPU.ActiveCfg = Debug|Any CPU
		{B667CB59-FBB8-4B7D-B2BC-502CE41350EC}.Debug|Any CPU.Build.0 = Debug|Any CPU
		{B667CB59-FBB8-4B7D-B2BC-502CE41350EC}.Debug|x86.ActiveCfg = Debug|Any CPU
		{B667CB59-FBB8-4B7D-B2BC-502CE41350EC}.Debug|x86.Build.0 = Debug|Any CPU
		{B667CB59-FBB8-4B7D-B2BC-502CE41350EC}.Release|Any CPU.ActiveCfg = Release|Any CPU
		{B667CB59-FBB8-4B7D-B2BC-502CE41350EC}.Release|Any CPU.Build.0 = Release|Any CPU
		{B667CB59-FBB8-4B7D-B2BC-502CE41350EC}.Release|x86.ActiveCfg = Release|Any CPU
		{B667CB59-FBB8-4B7D-B2BC-502CE41350EC}.Release|x86.Build.0 = Release|Any CPU
		{89344B25-438C-42BD-B8DD-4CD7AFD78273}.Debug|Any CPU.ActiveCfg = Debug|Any CPU
		{89344B25-438C-42BD-B8DD-4CD7AFD78273}.Debug|Any CPU.Build.0 = Debug|Any CPU
		{89344B25-438C-42BD-B8DD-4CD7AFD78273}.Debug|x86.ActiveCfg = Debug|Any CPU
		{89344B25-438C-42BD-B8DD-4CD7AFD78273}.Debug|x86.Build.0 = Debug|Any CPU
		{89344B25-438C-42BD-B8DD-4CD7AFD78273}.Release|Any CPU.ActiveCfg = Release|Any CPU
		{89344B25-438C-42BD-B8DD-4CD7AFD78273}.Release|Any CPU.Build.0 = Release|Any CPU
		{89344B25-438C-42BD-B8DD-4CD7AFD78273}.Release|x86.ActiveCfg = Release|Any CPU
		{89344B25-438C-42BD-B8DD-4CD7AFD78273}.Release|x86.Build.0 = Release|Any CPU
		{E3C7C190-098A-4998-AE48-D2EBD2A7CC6D}.Debug|Any CPU.ActiveCfg = Debug|Any CPU
		{E3C7C190-098A-4998-AE48-D2EBD2A7CC6D}.Debug|Any CPU.Build.0 = Debug|Any CPU
		{E3C7C190-098A-4998-AE48-D2EBD2A7CC6D}.Debug|x86.ActiveCfg = Debug|Any CPU
		{E3C7C190-098A-4998-AE48-D2EBD2A7CC6D}.Debug|x86.Build.0 = Debug|Any CPU
		{E3C7C190-098A-4998-AE48-D2EBD2A7CC6D}.Release|Any CPU.ActiveCfg = Release|Any CPU
		{E3C7C190-098A-4998-AE48-D2EBD2A7CC6D}.Release|Any CPU.Build.0 = Release|Any CPU
		{E3C7C190-098A-4998-AE48-D2EBD2A7CC6D}.Release|x86.ActiveCfg = Release|Any CPU
		{E3C7C190-098A-4998-AE48-D2EBD2A7CC6D}.Release|x86.Build.0 = Release|Any CPU
		{CEDA8181-D23B-43C2-928A-E63B3E7966BC}.Debug|Any CPU.ActiveCfg = Debug|Any CPU
		{CEDA8181-D23B-43C2-928A-E63B3E7966BC}.Debug|Any CPU.Build.0 = Debug|Any CPU
		{CEDA8181-D23B-43C2-928A-E63B3E7966BC}.Debug|x86.ActiveCfg = Debug|Any CPU
		{CEDA8181-D23B-43C2-928A-E63B3E7966BC}.Debug|x86.Build.0 = Debug|Any CPU
		{CEDA8181-D23B-43C2-928A-E63B3E7966BC}.Release|Any CPU.ActiveCfg = Release|Any CPU
		{CEDA8181-D23B-43C2-928A-E63B3E7966BC}.Release|Any CPU.Build.0 = Release|Any CPU
		{CEDA8181-D23B-43C2-928A-E63B3E7966BC}.Release|x86.ActiveCfg = Release|Any CPU
		{CEDA8181-D23B-43C2-928A-E63B3E7966BC}.Release|x86.Build.0 = Release|Any CPU
		{BB25339F-188B-4E5E-96C6-00DA4B96B31F}.Debug|Any CPU.ActiveCfg = Debug|Any CPU
		{BB25339F-188B-4E5E-96C6-00DA4B96B31F}.Debug|Any CPU.Build.0 = Debug|Any CPU
		{BB25339F-188B-4E5E-96C6-00DA4B96B31F}.Debug|x86.ActiveCfg = Debug|Any CPU
		{BB25339F-188B-4E5E-96C6-00DA4B96B31F}.Debug|x86.Build.0 = Debug|Any CPU
		{BB25339F-188B-4E5E-96C6-00DA4B96B31F}.Release|Any CPU.ActiveCfg = Release|Any CPU
		{BB25339F-188B-4E5E-96C6-00DA4B96B31F}.Release|Any CPU.Build.0 = Release|Any CPU
		{BB25339F-188B-4E5E-96C6-00DA4B96B31F}.Release|x86.ActiveCfg = Release|Any CPU
		{BB25339F-188B-4E5E-96C6-00DA4B96B31F}.Release|x86.Build.0 = Release|Any CPU
		{DD34AF80-7101-4E58-970A-E1292FDC489F}.Debug|Any CPU.ActiveCfg = Debug|Any CPU
		{DD34AF80-7101-4E58-970A-E1292FDC489F}.Debug|Any CPU.Build.0 = Debug|Any CPU
		{DD34AF80-7101-4E58-970A-E1292FDC489F}.Debug|x86.ActiveCfg = Debug|Any CPU
		{DD34AF80-7101-4E58-970A-E1292FDC489F}.Debug|x86.Build.0 = Debug|Any CPU
		{DD34AF80-7101-4E58-970A-E1292FDC489F}.Release|Any CPU.ActiveCfg = Release|Any CPU
		{DD34AF80-7101-4E58-970A-E1292FDC489F}.Release|Any CPU.Build.0 = Release|Any CPU
		{DD34AF80-7101-4E58-970A-E1292FDC489F}.Release|x86.ActiveCfg = Release|Any CPU
		{DD34AF80-7101-4E58-970A-E1292FDC489F}.Release|x86.Build.0 = Release|Any CPU
		{AA7EBF5A-492C-4E60-8AF7-CE4E5AF85170}.Debug|Any CPU.ActiveCfg = Debug|Any CPU
		{AA7EBF5A-492C-4E60-8AF7-CE4E5AF85170}.Debug|Any CPU.Build.0 = Debug|Any CPU
		{AA7EBF5A-492C-4E60-8AF7-CE4E5AF85170}.Debug|x86.ActiveCfg = Debug|Any CPU
		{AA7EBF5A-492C-4E60-8AF7-CE4E5AF85170}.Debug|x86.Build.0 = Debug|Any CPU
		{AA7EBF5A-492C-4E60-8AF7-CE4E5AF85170}.Release|Any CPU.ActiveCfg = Release|Any CPU
		{AA7EBF5A-492C-4E60-8AF7-CE4E5AF85170}.Release|Any CPU.Build.0 = Release|Any CPU
		{AA7EBF5A-492C-4E60-8AF7-CE4E5AF85170}.Release|x86.ActiveCfg = Release|Any CPU
		{AA7EBF5A-492C-4E60-8AF7-CE4E5AF85170}.Release|x86.Build.0 = Release|Any CPU
		{2CAD41F7-7E2D-49F3-A4AF-57FE73FC763A}.Debug|Any CPU.ActiveCfg = Debug|Any CPU
		{2CAD41F7-7E2D-49F3-A4AF-57FE73FC763A}.Debug|Any CPU.Build.0 = Debug|Any CPU
		{2CAD41F7-7E2D-49F3-A4AF-57FE73FC763A}.Debug|x86.ActiveCfg = Debug|Any CPU
		{2CAD41F7-7E2D-49F3-A4AF-57FE73FC763A}.Debug|x86.Build.0 = Debug|Any CPU
		{2CAD41F7-7E2D-49F3-A4AF-57FE73FC763A}.Release|Any CPU.ActiveCfg = Release|Any CPU
		{2CAD41F7-7E2D-49F3-A4AF-57FE73FC763A}.Release|Any CPU.Build.0 = Release|Any CPU
		{2CAD41F7-7E2D-49F3-A4AF-57FE73FC763A}.Release|x86.ActiveCfg = Release|Any CPU
		{2CAD41F7-7E2D-49F3-A4AF-57FE73FC763A}.Release|x86.Build.0 = Release|Any CPU
		{F8DF9D26-853A-4B8E-84C1-2416CD4ED6C6}.Debug|Any CPU.ActiveCfg = Debug|Any CPU
		{F8DF9D26-853A-4B8E-84C1-2416CD4ED6C6}.Debug|Any CPU.Build.0 = Debug|Any CPU
		{F8DF9D26-853A-4B8E-84C1-2416CD4ED6C6}.Debug|x86.ActiveCfg = Debug|Any CPU
		{F8DF9D26-853A-4B8E-84C1-2416CD4ED6C6}.Debug|x86.Build.0 = Debug|Any CPU
		{F8DF9D26-853A-4B8E-84C1-2416CD4ED6C6}.Release|Any CPU.ActiveCfg = Release|Any CPU
		{F8DF9D26-853A-4B8E-84C1-2416CD4ED6C6}.Release|Any CPU.Build.0 = Release|Any CPU
		{F8DF9D26-853A-4B8E-84C1-2416CD4ED6C6}.Release|x86.ActiveCfg = Release|Any CPU
		{F8DF9D26-853A-4B8E-84C1-2416CD4ED6C6}.Release|x86.Build.0 = Release|Any CPU
		{71DC4E56-17B1-4FB7-BFDB-C19410D0F563}.Debug|Any CPU.ActiveCfg = Debug|Any CPU
		{71DC4E56-17B1-4FB7-BFDB-C19410D0F563}.Debug|Any CPU.Build.0 = Debug|Any CPU
		{71DC4E56-17B1-4FB7-BFDB-C19410D0F563}.Debug|x86.ActiveCfg = Debug|Any CPU
		{71DC4E56-17B1-4FB7-BFDB-C19410D0F563}.Debug|x86.Build.0 = Debug|Any CPU
		{71DC4E56-17B1-4FB7-BFDB-C19410D0F563}.Release|Any CPU.ActiveCfg = Release|Any CPU
		{71DC4E56-17B1-4FB7-BFDB-C19410D0F563}.Release|Any CPU.Build.0 = Release|Any CPU
		{71DC4E56-17B1-4FB7-BFDB-C19410D0F563}.Release|x86.ActiveCfg = Release|Any CPU
		{71DC4E56-17B1-4FB7-BFDB-C19410D0F563}.Release|x86.Build.0 = Release|Any CPU
		{3483AD8E-8800-4F4D-8FE9-06F494FC7B15}.Debug|Any CPU.ActiveCfg = Debug|Any CPU
		{3483AD8E-8800-4F4D-8FE9-06F494FC7B15}.Debug|Any CPU.Build.0 = Debug|Any CPU
		{3483AD8E-8800-4F4D-8FE9-06F494FC7B15}.Debug|x86.ActiveCfg = Debug|Any CPU
		{3483AD8E-8800-4F4D-8FE9-06F494FC7B15}.Debug|x86.Build.0 = Debug|Any CPU
		{3483AD8E-8800-4F4D-8FE9-06F494FC7B15}.Release|Any CPU.ActiveCfg = Release|Any CPU
		{3483AD8E-8800-4F4D-8FE9-06F494FC7B15}.Release|Any CPU.Build.0 = Release|Any CPU
		{3483AD8E-8800-4F4D-8FE9-06F494FC7B15}.Release|x86.ActiveCfg = Release|Any CPU
		{3483AD8E-8800-4F4D-8FE9-06F494FC7B15}.Release|x86.Build.0 = Release|Any CPU
		{218FEAE2-EF2B-46B0-ADD1-1617CFA337CF}.Debug|Any CPU.ActiveCfg = Debug|Any CPU
		{218FEAE2-EF2B-46B0-ADD1-1617CFA337CF}.Debug|Any CPU.Build.0 = Debug|Any CPU
		{218FEAE2-EF2B-46B0-ADD1-1617CFA337CF}.Debug|x86.ActiveCfg = Debug|Any CPU
		{218FEAE2-EF2B-46B0-ADD1-1617CFA337CF}.Debug|x86.Build.0 = Debug|Any CPU
		{218FEAE2-EF2B-46B0-ADD1-1617CFA337CF}.Release|Any CPU.ActiveCfg = Release|Any CPU
		{218FEAE2-EF2B-46B0-ADD1-1617CFA337CF}.Release|Any CPU.Build.0 = Release|Any CPU
		{218FEAE2-EF2B-46B0-ADD1-1617CFA337CF}.Release|x86.ActiveCfg = Release|Any CPU
		{218FEAE2-EF2B-46B0-ADD1-1617CFA337CF}.Release|x86.Build.0 = Release|Any CPU
		{7895F400-F149-4112-B6D0-F7C97AEFEBCD}.Debug|Any CPU.ActiveCfg = Debug|Any CPU
		{7895F400-F149-4112-B6D0-F7C97AEFEBCD}.Debug|Any CPU.Build.0 = Debug|Any CPU
		{7895F400-F149-4112-B6D0-F7C97AEFEBCD}.Debug|x86.ActiveCfg = Debug|Any CPU
		{7895F400-F149-4112-B6D0-F7C97AEFEBCD}.Debug|x86.Build.0 = Debug|Any CPU
		{7895F400-F149-4112-B6D0-F7C97AEFEBCD}.Release|Any CPU.ActiveCfg = Release|Any CPU
		{7895F400-F149-4112-B6D0-F7C97AEFEBCD}.Release|Any CPU.Build.0 = Release|Any CPU
		{7895F400-F149-4112-B6D0-F7C97AEFEBCD}.Release|x86.ActiveCfg = Release|Any CPU
		{7895F400-F149-4112-B6D0-F7C97AEFEBCD}.Release|x86.Build.0 = Release|Any CPU
		{86321CC0-6BDB-4A66-B1A0-C9781C9A207D}.Debug|Any CPU.ActiveCfg = Debug|Any CPU
		{86321CC0-6BDB-4A66-B1A0-C9781C9A207D}.Debug|Any CPU.Build.0 = Debug|Any CPU
		{86321CC0-6BDB-4A66-B1A0-C9781C9A207D}.Debug|x86.ActiveCfg = Debug|Any CPU
		{86321CC0-6BDB-4A66-B1A0-C9781C9A207D}.Debug|x86.Build.0 = Debug|Any CPU
		{86321CC0-6BDB-4A66-B1A0-C9781C9A207D}.Release|Any CPU.ActiveCfg = Release|Any CPU
		{86321CC0-6BDB-4A66-B1A0-C9781C9A207D}.Release|Any CPU.Build.0 = Release|Any CPU
		{86321CC0-6BDB-4A66-B1A0-C9781C9A207D}.Release|x86.ActiveCfg = Release|Any CPU
		{86321CC0-6BDB-4A66-B1A0-C9781C9A207D}.Release|x86.Build.0 = Release|Any CPU
		{86A1180C-D241-496D-A72E-27D58629BCA3}.Debug|Any CPU.ActiveCfg = Debug|Any CPU
		{86A1180C-D241-496D-A72E-27D58629BCA3}.Debug|Any CPU.Build.0 = Debug|Any CPU
		{86A1180C-D241-496D-A72E-27D58629BCA3}.Debug|x86.ActiveCfg = Debug|Any CPU
		{86A1180C-D241-496D-A72E-27D58629BCA3}.Debug|x86.Build.0 = Debug|Any CPU
		{86A1180C-D241-496D-A72E-27D58629BCA3}.Release|Any CPU.ActiveCfg = Release|Any CPU
		{86A1180C-D241-496D-A72E-27D58629BCA3}.Release|Any CPU.Build.0 = Release|Any CPU
		{86A1180C-D241-496D-A72E-27D58629BCA3}.Release|x86.ActiveCfg = Release|Any CPU
		{86A1180C-D241-496D-A72E-27D58629BCA3}.Release|x86.Build.0 = Release|Any CPU
		{D5FD5CDF-3650-46F7-9AD4-0A3C55BDE90D}.Debug|Any CPU.ActiveCfg = Debug|Any CPU
		{D5FD5CDF-3650-46F7-9AD4-0A3C55BDE90D}.Debug|Any CPU.Build.0 = Debug|Any CPU
		{D5FD5CDF-3650-46F7-9AD4-0A3C55BDE90D}.Debug|x86.ActiveCfg = Debug|Any CPU
		{D5FD5CDF-3650-46F7-9AD4-0A3C55BDE90D}.Debug|x86.Build.0 = Debug|Any CPU
		{D5FD5CDF-3650-46F7-9AD4-0A3C55BDE90D}.Release|Any CPU.ActiveCfg = Release|Any CPU
		{D5FD5CDF-3650-46F7-9AD4-0A3C55BDE90D}.Release|Any CPU.Build.0 = Release|Any CPU
		{D5FD5CDF-3650-46F7-9AD4-0A3C55BDE90D}.Release|x86.ActiveCfg = Release|Any CPU
		{D5FD5CDF-3650-46F7-9AD4-0A3C55BDE90D}.Release|x86.Build.0 = Release|Any CPU
		{2A9978D7-928B-4A37-B686-3B99E37C4AEB}.Debug|Any CPU.ActiveCfg = Debug|Any CPU
		{2A9978D7-928B-4A37-B686-3B99E37C4AEB}.Debug|Any CPU.Build.0 = Debug|Any CPU
		{2A9978D7-928B-4A37-B686-3B99E37C4AEB}.Debug|x86.ActiveCfg = Debug|Any CPU
		{2A9978D7-928B-4A37-B686-3B99E37C4AEB}.Debug|x86.Build.0 = Debug|Any CPU
		{2A9978D7-928B-4A37-B686-3B99E37C4AEB}.Release|Any CPU.ActiveCfg = Release|Any CPU
		{2A9978D7-928B-4A37-B686-3B99E37C4AEB}.Release|Any CPU.Build.0 = Release|Any CPU
		{2A9978D7-928B-4A37-B686-3B99E37C4AEB}.Release|x86.ActiveCfg = Release|Any CPU
		{2A9978D7-928B-4A37-B686-3B99E37C4AEB}.Release|x86.Build.0 = Release|Any CPU
	EndGlobalSection
	GlobalSection(SolutionProperties) = preSolution
		HideSolutionNode = FALSE
	EndGlobalSection
	GlobalSection(NestedProjects) = preSolution
		{7AFC6670-6DF3-4E92-B1E0-DF1477794107} = {BB054E83-D201-407E-9585-828BF07275BE}
		{61F01FF9-3ED0-4628-BC88-A59606378F9C} = {BB054E83-D201-407E-9585-828BF07275BE}
		{59656E49-A4C5-46E7-A415-46598453C3C5} = {BB054E83-D201-407E-9585-828BF07275BE}
		{0E440350-B824-4E51-BB1E-8E8ED1E0726F} = {BB054E83-D201-407E-9585-828BF07275BE}
		{CB708AD5-0F96-4C46-A180-AF61B042C827} = {BB054E83-D201-407E-9585-828BF07275BE}
		{46535D77-3B54-4D34-B7B2-8ADE86F5F5B9} = {BB054E83-D201-407E-9585-828BF07275BE}
		{D6110A43-01C3-40AC-9AA2-345F2A4914F3} = {BB054E83-D201-407E-9585-828BF07275BE}
		{A45D179E-7F40-4169-9183-6FC9D39D98D3} = {BB054E83-D201-407E-9585-828BF07275BE}
		{52C1178A-EF66-4D89-A654-C3DFFA145436} = {BB054E83-D201-407E-9585-828BF07275BE}
		{8A93811D-7E37-4E4A-A1FB-560751DA0502} = {BB054E83-D201-407E-9585-828BF07275BE}
		{6F91391C-1FEF-4D7E-A62E-DEBD724CB9A0} = {BB054E83-D201-407E-9585-828BF07275BE}
		{E0F7378F-C1DD-4F10-8899-ADCCDD454FF2} = {B8F2E2BC-C130-4D78-9425-58500EE1504F}
		{36893D01-8B80-4B63-86B0-BFC69152A803} = {D7059B0F-7155-4C81-91C1-F4DF16999227}
		{9169991B-EF6C-42F6-9DC6-31A286E13706} = {8A93811D-7E37-4E4A-A1FB-560751DA0502}
		{5A45A19C-DDF7-4EBA-B431-9A936902EA11} = {8A93811D-7E37-4E4A-A1FB-560751DA0502}
		{5DA9EC8F-D5AA-4F5A-9180-A943BE311722} = {7AFC6670-6DF3-4E92-B1E0-DF1477794107}
		{815ACFEC-8402-4400-9265-9642A9C671FA} = {7AFC6670-6DF3-4E92-B1E0-DF1477794107}
		{E5066E3D-5518-40D9-A37F-BEF9923CD793} = {B6B267C9-F267-4914-965F-C2F18649833D}
		{21E01CF5-FD08-4751-9F8B-BA4252CD50C6} = {B8F2E2BC-C130-4D78-9425-58500EE1504F}
		{1F640F9F-BFA5-4A30-A972-9B2DE3BD4C30} = {F523E3E5-73AF-474D-A626-B1AA4773F5FF}
		{66D57B0B-0732-445D-924F-009AB1A18A25} = {F523E3E5-73AF-474D-A626-B1AA4773F5FF}
		{EEC9460F-2F79-48A5-921C-3C627276BBA5} = {F523E3E5-73AF-474D-A626-B1AA4773F5FF}
		{C7C3B489-0E4E-4A73-8D65-7257F0F8F850} = {F523E3E5-73AF-474D-A626-B1AA4773F5FF}
		{D6C8ABB3-B89E-483F-A40B-099DC8443813} = {F523E3E5-73AF-474D-A626-B1AA4773F5FF}
		{7A6DE68D-5E84-4483-BF9A-2C15A7439F31} = {F523E3E5-73AF-474D-A626-B1AA4773F5FF}
		{D9B6D316-9A21-4DC1-8DF8-72BB3C97BFDB} = {F523E3E5-73AF-474D-A626-B1AA4773F5FF}
		{A6323BDA-4268-46FA-9FA0-3BF8B0091495} = {F523E3E5-73AF-474D-A626-B1AA4773F5FF}
		{64EDEFA5-750E-4871-8895-B0E6AD265656} = {F523E3E5-73AF-474D-A626-B1AA4773F5FF}
		{7152B3FC-05B4-4918-9727-5A907F1A736A} = {F523E3E5-73AF-474D-A626-B1AA4773F5FF}
		{14335D2D-C383-4C53-886F-70BAC4AC027E} = {F523E3E5-73AF-474D-A626-B1AA4773F5FF}
		{009116F9-F712-482C-B33E-F9CB8047A625} = {F523E3E5-73AF-474D-A626-B1AA4773F5FF}
		{5ABDB114-ACB3-4250-9E75-0759BAE77D08} = {F523E3E5-73AF-474D-A626-B1AA4773F5FF}
		{B667CB59-FBB8-4B7D-B2BC-502CE41350EC} = {F523E3E5-73AF-474D-A626-B1AA4773F5FF}
		{89344B25-438C-42BD-B8DD-4CD7AFD78273} = {F523E3E5-73AF-474D-A626-B1AA4773F5FF}
		{E3C7C190-098A-4998-AE48-D2EBD2A7CC6D} = {F523E3E5-73AF-474D-A626-B1AA4773F5FF}
		{CEDA8181-D23B-43C2-928A-E63B3E7966BC} = {F523E3E5-73AF-474D-A626-B1AA4773F5FF}
		{BB25339F-188B-4E5E-96C6-00DA4B96B31F} = {F523E3E5-73AF-474D-A626-B1AA4773F5FF}
		{DD34AF80-7101-4E58-970A-E1292FDC489F} = {F523E3E5-73AF-474D-A626-B1AA4773F5FF}
		{AA7EBF5A-492C-4E60-8AF7-CE4E5AF85170} = {F523E3E5-73AF-474D-A626-B1AA4773F5FF}
		{2CAD41F7-7E2D-49F3-A4AF-57FE73FC763A} = {F523E3E5-73AF-474D-A626-B1AA4773F5FF}
		{F8DF9D26-853A-4B8E-84C1-2416CD4ED6C6} = {F523E3E5-73AF-474D-A626-B1AA4773F5FF}
		{71DC4E56-17B1-4FB7-BFDB-C19410D0F563} = {F523E3E5-73AF-474D-A626-B1AA4773F5FF}
		{3483AD8E-8800-4F4D-8FE9-06F494FC7B15} = {F523E3E5-73AF-474D-A626-B1AA4773F5FF}
		{218FEAE2-EF2B-46B0-ADD1-1617CFA337CF} = {F523E3E5-73AF-474D-A626-B1AA4773F5FF}
		{7895F400-F149-4112-B6D0-F7C97AEFEBCD} = {F523E3E5-73AF-474D-A626-B1AA4773F5FF}
		{86321CC0-6BDB-4A66-B1A0-C9781C9A207D} = {F523E3E5-73AF-474D-A626-B1AA4773F5FF}
		{86A1180C-D241-496D-A72E-27D58629BCA3} = {F523E3E5-73AF-474D-A626-B1AA4773F5FF}
		{D5FD5CDF-3650-46F7-9AD4-0A3C55BDE90D} = {F523E3E5-73AF-474D-A626-B1AA4773F5FF}
		{2A9978D7-928B-4A37-B686-3B99E37C4AEB} = {F523E3E5-73AF-474D-A626-B1AA4773F5FF}
	EndGlobalSection
	GlobalSection(ExtensibilityGlobals) = postSolution
		SolutionGuid = {0AC009A2-D7B6-4F57-9DA1-E5324748928B}
	EndGlobalSection
EndGlobal
