
Microsoft Visual Studio Solution File, Format Version 12.00
# Visual Studio Version 16
VisualStudioVersion = 16.0.29006.145
MinimumVisualStudioVersion = 10.0.40219.1
Project("{2150E333-8FDC-42A3-9474-1A3956D46DE8}") = "Solution Items", "Solution Items", "{13F78C44-B3F4-4250-A633-236102399798}"
EndProject
Project("{2150E333-8FDC-42A3-9474-1A3956D46DE8}") = "Configs", "Configs", "{073E2664-6107-4E22-9086-6DD1D3C050A0}"
EndProject
Project("{2150E333-8FDC-42A3-9474-1A3956D46DE8}") = "src", "src", "{53062505-EF38-41C9-839D-4EFDAE5BAD75}"
EndProject
Project("{2150E333-8FDC-42A3-9474-1A3956D46DE8}") = "Modules", "Modules", "{BB054E83-D201-407E-9585-828BF07275BE}"
EndProject
Project("{2150E333-8FDC-42A3-9474-1A3956D46DE8}") = "Libraries", "Libraries", "{B8F2E2BC-C130-4D78-9425-58500EE1504F}"
EndProject
Project("{2150E333-8FDC-42A3-9474-1A3956D46DE8}") = "System", "System", "{7AFC6670-6DF3-4E92-B1E0-DF1477794107}"
EndProject
Project("{2150E333-8FDC-42A3-9474-1A3956D46DE8}") = "Cost", "Cost", "{61F01FF9-3ED0-4628-BC88-A59606378F9C}"
EndProject
Project("{2150E333-8FDC-42A3-9474-1A3956D46DE8}") = "Product", "Product", "{59656E49-A4C5-46E7-A415-46598453C3C5}"
EndProject
Project("{2150E333-8FDC-42A3-9474-1A3956D46DE8}") = "Purchase", "Purchase", "{0E440350-B824-4E51-BB1E-8E8ED1E0726F}"
EndProject
Project("{2150E333-8FDC-42A3-9474-1A3956D46DE8}") = "Quality", "Quality", "{CB708AD5-0F96-4C46-A180-AF61B042C827}"
EndProject
Project("{2150E333-8FDC-42A3-9474-1A3956D46DE8}") = "Report", "Report", "{46535D77-3B54-4D34-B7B2-8ADE86F5F5B9}"
EndProject
Project("{2150E333-8FDC-42A3-9474-1A3956D46DE8}") = "Sale", "Sale", "{D6110A43-01C3-40AC-9AA2-345F2A4914F3}"
EndProject
Project("{2150E333-8FDC-42A3-9474-1A3956D46DE8}") = "Schedule", "Schedule", "{A45D179E-7F40-4169-9183-6FC9D39D98D3}"
EndProject
Project("{2150E333-8FDC-42A3-9474-1A3956D46DE8}") = "Stock", "Stock", "{52C1178A-EF66-4D89-A654-C3DFFA145436}"
EndProject
Project("{2150E333-8FDC-42A3-9474-1A3956D46DE8}") = "Theme", "Theme", "{8A93811D-7E37-4E4A-A1FB-560751DA0502}"
EndProject
Project("{2150E333-8FDC-42A3-9474-1A3956D46DE8}") = "WsServer", "WsServer", "{6F91391C-1FEF-4D7E-A62E-DEBD724CB9A0}"
EndProject
Project("{9A19103F-16F7-4668-BE54-9A1E7A4F7556}") = "Emes.Core", "..\src\Libraries\Emes.Core\Emes.Core.csproj", "{E0F7378F-C1DD-4F10-8899-ADCCDD454FF2}"
EndProject
Project("{2150E333-8FDC-42A3-9474-1A3956D46DE8}") = "Gateway", "Gateway", "{B6B267C9-F267-4914-965F-C2F18649833D}"
EndProject
Project("{2150E333-8FDC-42A3-9474-1A3956D46DE8}") = "Hosts", "Hosts", "{D7059B0F-7155-4C81-91C1-F4DF16999227}"
EndProject
Project("{9A19103F-16F7-4668-BE54-9A1E7A4F7556}") = "Emes.Erp.Host", "..\src\Hosts\Emes.Erp.Host\Emes.Erp.Host.csproj", "{36893D01-8B80-4B63-86B0-BFC69152A803}"
EndProject
Project("{9A19103F-16F7-4668-BE54-9A1E7A4F7556}") = "Emes.Common.Theme", "..\src\Modules\Theme\Emes.Common.Theme\Emes.Common.Theme.csproj", "{9169991B-EF6C-42F6-9DC6-31A286E13706}"
EndProject
Project("{9A19103F-16F7-4668-BE54-9A1E7A4F7556}") = "Emes.Common.ITheme", "..\src\Modules\Theme\Emes.Common.ITheme\Emes.Common.ITheme.csproj", "{5A45A19C-DDF7-4EBA-B431-9A936902EA11}"
EndProject
Project("{9A19103F-16F7-4668-BE54-9A1E7A4F7556}") = "Emes.Erp.System", "..\src\Modules\System\Emes.Erp.System\Emes.Erp.System.csproj", "{5DA9EC8F-D5AA-4F5A-9180-A943BE311722}"
EndProject
Project("{9A19103F-16F7-4668-BE54-9A1E7A4F7556}") = "Emes.Erp.ISystem", "..\src\Modules\System\Emes.Erp.ISystem\Emes.Erp.ISystem.csproj", "{815ACFEC-8402-4400-9265-9642A9C671FA}"
EndProject
Project("{9A19103F-16F7-4668-BE54-9A1E7A4F7556}") = "Emes.Gateway", "..\src\Gateway\Emes.Gateway\Emes.Gateway.csproj", "{E5066E3D-5518-40D9-A37F-BEF9923CD793}"
EndProject
Project("{9A19103F-16F7-4668-BE54-9A1E7A4F7556}") = "Emes.CodeGen", "..\src\Libraries\Emes.CodeGen\Emes.CodeGen.csproj", "{21E01CF5-FD08-4751-9F8B-BA4252CD50C6}"
EndProject
Global
	GlobalSection(SolutionConfigurationPlatforms) = preSolution
		Debug|Any CPU = Debug|Any CPU
		Debug|x86 = Debug|x86
		Release|Any CPU = Release|Any CPU
		Release|x86 = Release|x86
	EndGlobalSection
	GlobalSection(ProjectConfigurationPlatforms) = postSolution
		{E0F7378F-C1DD-4F10-8899-ADCCDD454FF2}.Debug|Any CPU.ActiveCfg = Debug|Any CPU
		{E0F7378F-C1DD-4F10-8899-ADCCDD454FF2}.Debug|Any CPU.Build.0 = Debug|Any CPU
		{E0F7378F-C1DD-4F10-8899-ADCCDD454FF2}.Debug|x86.ActiveCfg = Debug|Any CPU
		{E0F7378F-C1DD-4F10-8899-ADCCDD454FF2}.Debug|x86.Build.0 = Debug|Any CPU
		{E0F7378F-C1DD-4F10-8899-ADCCDD454FF2}.Release|Any CPU.ActiveCfg = Release|Any CPU
		{E0F7378F-C1DD-4F10-8899-ADCCDD454FF2}.Release|Any CPU.Build.0 = Release|Any CPU
		{E0F7378F-C1DD-4F10-8899-ADCCDD454FF2}.Release|x86.ActiveCfg = Release|Any CPU
		{E0F7378F-C1DD-4F10-8899-ADCCDD454FF2}.Release|x86.Build.0 = Release|Any CPU
		{36893D01-8B80-4B63-86B0-BFC69152A803}.Debug|Any CPU.ActiveCfg = Debug|Any CPU
		{36893D01-8B80-4B63-86B0-BFC69152A803}.Debug|Any CPU.Build.0 = Debug|Any CPU
		{36893D01-8B80-4B63-86B0-BFC69152A803}.Debug|x86.ActiveCfg = Debug|Any CPU
		{36893D01-8B80-4B63-86B0-BFC69152A803}.Debug|x86.Build.0 = Debug|Any CPU
		{36893D01-8B80-4B63-86B0-BFC69152A803}.Release|Any CPU.ActiveCfg = Release|Any CPU
		{36893D01-8B80-4B63-86B0-BFC69152A803}.Release|Any CPU.Build.0 = Release|Any CPU
		{36893D01-8B80-4B63-86B0-BFC69152A803}.Release|x86.ActiveCfg = Release|Any CPU
		{36893D01-8B80-4B63-86B0-BFC69152A803}.Release|x86.Build.0 = Release|Any CPU
		{9169991B-EF6C-42F6-9DC6-31A286E13706}.Debug|Any CPU.ActiveCfg = Debug|Any CPU
		{9169991B-EF6C-42F6-9DC6-31A286E13706}.Debug|Any CPU.Build.0 = Debug|Any CPU
		{9169991B-EF6C-42F6-9DC6-31A286E13706}.Debug|x86.ActiveCfg = Debug|Any CPU
		{9169991B-EF6C-42F6-9DC6-31A286E13706}.Debug|x86.Build.0 = Debug|Any CPU
		{9169991B-EF6C-42F6-9DC6-31A286E13706}.Release|Any CPU.ActiveCfg = Release|Any CPU
		{9169991B-EF6C-42F6-9DC6-31A286E13706}.Release|Any CPU.Build.0 = Release|Any CPU
		{9169991B-EF6C-42F6-9DC6-31A286E13706}.Release|x86.ActiveCfg = Release|Any CPU
		{9169991B-EF6C-42F6-9DC6-31A286E13706}.Release|x86.Build.0 = Release|Any CPU
		{5A45A19C-DDF7-4EBA-B431-9A936902EA11}.Debug|Any CPU.ActiveCfg = Debug|Any CPU
		{5A45A19C-DDF7-4EBA-B431-9A936902EA11}.Debug|Any CPU.Build.0 = Debug|Any CPU
		{5A45A19C-DDF7-4EBA-B431-9A936902EA11}.Debug|x86.ActiveCfg = Debug|Any CPU
		{5A45A19C-DDF7-4EBA-B431-9A936902EA11}.Debug|x86.Build.0 = Debug|Any CPU
		{5A45A19C-DDF7-4EBA-B431-9A936902EA11}.Release|Any CPU.ActiveCfg = Release|Any CPU
		{5A45A19C-DDF7-4EBA-B431-9A936902EA11}.Release|Any CPU.Build.0 = Release|Any CPU
		{5A45A19C-DDF7-4EBA-B431-9A936902EA11}.Release|x86.ActiveCfg = Release|Any CPU
		{5A45A19C-DDF7-4EBA-B431-9A936902EA11}.Release|x86.Build.0 = Release|Any CPU
		{5DA9EC8F-D5AA-4F5A-9180-A943BE311722}.Debug|Any CPU.ActiveCfg = Debug|Any CPU
		{5DA9EC8F-D5AA-4F5A-9180-A943BE311722}.Debug|Any CPU.Build.0 = Debug|Any CPU
		{5DA9EC8F-D5AA-4F5A-9180-A943BE311722}.Debug|x86.ActiveCfg = Debug|Any CPU
		{5DA9EC8F-D5AA-4F5A-9180-A943BE311722}.Debug|x86.Build.0 = Debug|Any CPU
		{5DA9EC8F-D5AA-4F5A-9180-A943BE311722}.Release|Any CPU.ActiveCfg = Release|Any CPU
		{5DA9EC8F-D5AA-4F5A-9180-A943BE311722}.Release|Any CPU.Build.0 = Release|Any CPU
		{5DA9EC8F-D5AA-4F5A-9180-A943BE311722}.Release|x86.ActiveCfg = Release|Any CPU
		{5DA9EC8F-D5AA-4F5A-9180-A943BE311722}.Release|x86.Build.0 = Release|Any CPU
		{815ACFEC-8402-4400-9265-9642A9C671FA}.Debug|Any CPU.ActiveCfg = Debug|Any CPU
		{815ACFEC-8402-4400-9265-9642A9C671FA}.Debug|Any CPU.Build.0 = Debug|Any CPU
		{815ACFEC-8402-4400-9265-9642A9C671FA}.Debug|x86.ActiveCfg = Debug|Any CPU
		{815ACFEC-8402-4400-9265-9642A9C671FA}.Debug|x86.Build.0 = Debug|Any CPU
		{815ACFEC-8402-4400-9265-9642A9C671FA}.Release|Any CPU.ActiveCfg = Release|Any CPU
		{815ACFEC-8402-4400-9265-9642A9C671FA}.Release|Any CPU.Build.0 = Release|Any CPU
		{815ACFEC-8402-4400-9265-9642A9C671FA}.Release|x86.ActiveCfg = Release|Any CPU
		{815ACFEC-8402-4400-9265-9642A9C671FA}.Release|x86.Build.0 = Release|Any CPU
		{E5066E3D-5518-40D9-A37F-BEF9923CD793}.Debug|Any CPU.ActiveCfg = Debug|Any CPU
		{E5066E3D-5518-40D9-A37F-BEF9923CD793}.Debug|Any CPU.Build.0 = Debug|Any CPU
		{E5066E3D-5518-40D9-A37F-BEF9923CD793}.Debug|x86.ActiveCfg = Debug|Any CPU
		{E5066E3D-5518-40D9-A37F-BEF9923CD793}.Debug|x86.Build.0 = Debug|Any CPU
		{E5066E3D-5518-40D9-A37F-BEF9923CD793}.Release|Any CPU.ActiveCfg = Release|Any CPU
		{E5066E3D-5518-40D9-A37F-BEF9923CD793}.Release|Any CPU.Build.0 = Release|Any CPU
		{E5066E3D-5518-40D9-A37F-BEF9923CD793}.Release|x86.ActiveCfg = Release|Any CPU
		{E5066E3D-5518-40D9-A37F-BEF9923CD793}.Release|x86.Build.0 = Release|Any CPU
		{21E01CF5-FD08-4751-9F8B-BA4252CD50C6}.Debug|Any CPU.ActiveCfg = Debug|Any CPU
		{21E01CF5-FD08-4751-9F8B-BA4252CD50C6}.Debug|Any CPU.Build.0 = Debug|Any CPU
		{21E01CF5-FD08-4751-9F8B-BA4252CD50C6}.Debug|x86.ActiveCfg = Debug|x86
		{21E01CF5-FD08-4751-9F8B-BA4252CD50C6}.Debug|x86.Build.0 = Debug|x86
		{21E01CF5-FD08-4751-9F8B-BA4252CD50C6}.Release|Any CPU.ActiveCfg = Release|Any CPU
		{21E01CF5-FD08-4751-9F8B-BA4252CD50C6}.Release|Any CPU.Build.0 = Release|Any CPU
		{21E01CF5-FD08-4751-9F8B-BA4252CD50C6}.Release|x86.ActiveCfg = Release|x86
		{21E01CF5-FD08-4751-9F8B-BA4252CD50C6}.Release|x86.Build.0 = Release|x86
	EndGlobalSection
	GlobalSection(SolutionProperties) = preSolution
		HideSolutionNode = FALSE
	EndGlobalSection
	GlobalSection(NestedProjects) = preSolution
		{073E2664-6107-4E22-9086-6DD1D3C050A0} = {13F78C44-B3F4-4250-A633-236102399798}
		{7AFC6670-6DF3-4E92-B1E0-DF1477794107} = {BB054E83-D201-407E-9585-828BF07275BE}
		{61F01FF9-3ED0-4628-BC88-A59606378F9C} = {BB054E83-D201-407E-9585-828BF07275BE}
		{59656E49-A4C5-46E7-A415-46598453C3C5} = {BB054E83-D201-407E-9585-828BF07275BE}
		{0E440350-B824-4E51-BB1E-8E8ED1E0726F} = {BB054E83-D201-407E-9585-828BF07275BE}
		{CB708AD5-0F96-4C46-A180-AF61B042C827} = {BB054E83-D201-407E-9585-828BF07275BE}
		{46535D77-3B54-4D34-B7B2-8ADE86F5F5B9} = {BB054E83-D201-407E-9585-828BF07275BE}
		{D6110A43-01C3-40AC-9AA2-345F2A4914F3} = {BB054E83-D201-407E-9585-828BF07275BE}
		{A45D179E-7F40-4169-9183-6FC9D39D98D3} = {BB054E83-D201-407E-9585-828BF07275BE}
		{52C1178A-EF66-4D89-A654-C3DFFA145436} = {BB054E83-D201-407E-9585-828BF07275BE}
		{8A93811D-7E37-4E4A-A1FB-560751DA0502} = {BB054E83-D201-407E-9585-828BF07275BE}
		{6F91391C-1FEF-4D7E-A62E-DEBD724CB9A0} = {BB054E83-D201-407E-9585-828BF07275BE}
		{E0F7378F-C1DD-4F10-8899-ADCCDD454FF2} = {B8F2E2BC-C130-4D78-9425-58500EE1504F}
		{36893D01-8B80-4B63-86B0-BFC69152A803} = {D7059B0F-7155-4C81-91C1-F4DF16999227}
		{9169991B-EF6C-42F6-9DC6-31A286E13706} = {8A93811D-7E37-4E4A-A1FB-560751DA0502}
		{5A45A19C-DDF7-4EBA-B431-9A936902EA11} = {8A93811D-7E37-4E4A-A1FB-560751DA0502}
		{5DA9EC8F-D5AA-4F5A-9180-A943BE311722} = {7AFC6670-6DF3-4E92-B1E0-DF1477794107}
		{815ACFEC-8402-4400-9265-9642A9C671FA} = {7AFC6670-6DF3-4E92-B1E0-DF1477794107}
		{E5066E3D-5518-40D9-A37F-BEF9923CD793} = {B6B267C9-F267-4914-965F-C2F18649833D}
		{21E01CF5-FD08-4751-9F8B-BA4252CD50C6} = {B8F2E2BC-C130-4D78-9425-58500EE1504F}
	EndGlobalSection
	GlobalSection(ExtensibilityGlobals) = postSolution
		SolutionGuid = {0AC009A2-D7B6-4F57-9DA1-E5324748928B}
	EndGlobalSection
EndGlobal
